// !$*UTF8*$!
{
	archiveVersion = 1;
	classes = {
	};
	objectVersion = 46;
	objects = {

/* Begin PBXBuildFile section */
		07B4B4001FA190BC8B693F58 /* Pods_BiacHackaton.framework in Frameworks */ = {isa = PBXBuildFile; fileRef = D500E186C38BE03AE2F77690 /* Pods_BiacHackaton.framework */; };
		5B4952001D18BD6200DA69BD /* AppDelegate.swift in Sources */ = {isa = PBXBuildFile; fileRef = 5B4951FF1D18BD6200DA69BD /* AppDelegate.swift */; };
		5B4952021D18BD6200DA69BD /* ViewController.swift in Sources */ = {isa = PBXBuildFile; fileRef = 5B4952011D18BD6200DA69BD /* ViewController.swift */; };
		5B4952051D18BD6200DA69BD /* Main.storyboard in Resources */ = {isa = PBXBuildFile; fileRef = 5B4952031D18BD6200DA69BD /* Main.storyboard */; };
		5B4952071D18BD6200DA69BD /* Assets.xcassets in Resources */ = {isa = PBXBuildFile; fileRef = 5B4952061D18BD6200DA69BD /* Assets.xcassets */; };
		5B49520A1D18BD6200DA69BD /* LaunchScreen.storyboard in Resources */ = {isa = PBXBuildFile; fileRef = 5B4952081D18BD6200DA69BD /* LaunchScreen.storyboard */; };
		5B4952151D18BD6300DA69BD /* BiacHackatonTests.swift in Sources */ = {isa = PBXBuildFile; fileRef = 5B4952141D18BD6300DA69BD /* BiacHackatonTests.swift */; };
		5B4952201D18BD6300DA69BD /* BiacHackatonUITests.swift in Sources */ = {isa = PBXBuildFile; fileRef = 5B49521F1D18BD6300DA69BD /* BiacHackatonUITests.swift */; };
		7A518ADAEDE4D6E295832E8E /* Pods_BiacHackatonTests.framework in Frameworks */ = {isa = PBXBuildFile; fileRef = 7F38AE630668D508D4F5472E /* Pods_BiacHackatonTests.framework */; };
		E23E4CE0CCBC3A61D31F6DA1 /* Pods_BiacHackatonUITests.framework in Frameworks */ = {isa = PBXBuildFile; fileRef = 376F3C3A1326314C190E632A /* Pods_BiacHackatonUITests.framework */; };
/* End PBXBuildFile section */

/* Begin PBXContainerItemProxy section */
		5B4952111D18BD6300DA69BD /* PBXContainerItemProxy */ = {
			isa = PBXContainerItemProxy;
			containerPortal = 5B4951F41D18BD6200DA69BD /* Project object */;
			proxyType = 1;
			remoteGlobalIDString = 5B4951FB1D18BD6200DA69BD;
			remoteInfo = BiacHackaton;
		};
		5B49521C1D18BD6300DA69BD /* PBXContainerItemProxy */ = {
			isa = PBXContainerItemProxy;
			containerPortal = 5B4951F41D18BD6200DA69BD /* Project object */;
			proxyType = 1;
			remoteGlobalIDString = 5B4951FB1D18BD6200DA69BD;
			remoteInfo = BiacHackaton;
		};
/* End PBXContainerItemProxy section */

/* Begin PBXFileReference section */
		06A6AB6E770F1E4EF76AECFF /* Pods-BiacHackaton.debug.xcconfig */ = {isa = PBXFileReference; includeInIndex = 1; lastKnownFileType = text.xcconfig; name = "Pods-BiacHackaton.debug.xcconfig"; path = "Pods/Target Support Files/Pods-BiacHackaton/Pods-BiacHackaton.debug.xcconfig"; sourceTree = "<group>"; };
		1DB650BFB58118AD2F5E0F7D /* Pods-BiacHackaton.release.xcconfig */ = {isa = PBXFileReference; includeInIndex = 1; lastKnownFileType = text.xcconfig; name = "Pods-BiacHackaton.release.xcconfig"; path = "Pods/Target Support Files/Pods-BiacHackaton/Pods-BiacHackaton.release.xcconfig"; sourceTree = "<group>"; };
		376F3C3A1326314C190E632A /* Pods_BiacHackatonUITests.framework */ = {isa = PBXFileReference; explicitFileType = wrapper.framework; includeInIndex = 0; path = Pods_BiacHackatonUITests.framework; sourceTree = BUILT_PRODUCTS_DIR; };
		5B4951FC1D18BD6200DA69BD /* BiacHackaton.app */ = {isa = PBXFileReference; explicitFileType = wrapper.application; includeInIndex = 0; path = BiacHackaton.app; sourceTree = BUILT_PRODUCTS_DIR; };
		5B4951FF1D18BD6200DA69BD /* AppDelegate.swift */ = {isa = PBXFileReference; lastKnownFileType = sourcecode.swift; path = AppDelegate.swift; sourceTree = "<group>"; };
		5B4952011D18BD6200DA69BD /* ViewController.swift */ = {isa = PBXFileReference; lastKnownFileType = sourcecode.swift; path = ViewController.swift; sourceTree = "<group>"; };
		5B4952041D18BD6200DA69BD /* Base */ = {isa = PBXFileReference; lastKnownFileType = file.storyboard; name = Base; path = Base.lproj/Main.storyboard; sourceTree = "<group>"; };
		5B4952061D18BD6200DA69BD /* Assets.xcassets */ = {isa = PBXFileReference; lastKnownFileType = folder.assetcatalog; path = Assets.xcassets; sourceTree = "<group>"; };
		5B4952091D18BD6200DA69BD /* Base */ = {isa = PBXFileReference; lastKnownFileType = file.storyboard; name = Base; path = Base.lproj/LaunchScreen.storyboard; sourceTree = "<group>"; };
		5B49520B1D18BD6200DA69BD /* Info.plist */ = {isa = PBXFileReference; lastKnownFileType = text.plist.xml; path = Info.plist; sourceTree = "<group>"; };
		5B4952101D18BD6300DA69BD /* BiacHackatonTests.xctest */ = {isa = PBXFileReference; explicitFileType = wrapper.cfbundle; includeInIndex = 0; path = BiacHackatonTests.xctest; sourceTree = BUILT_PRODUCTS_DIR; };
		5B4952141D18BD6300DA69BD /* BiacHackatonTests.swift */ = {isa = PBXFileReference; lastKnownFileType = sourcecode.swift; path = BiacHackatonTests.swift; sourceTree = "<group>"; };
		5B4952161D18BD6300DA69BD /* Info.plist */ = {isa = PBXFileReference; lastKnownFileType = text.plist.xml; path = Info.plist; sourceTree = "<group>"; };
		5B49521B1D18BD6300DA69BD /* BiacHackatonUITests.xctest */ = {isa = PBXFileReference; explicitFileType = wrapper.cfbundle; includeInIndex = 0; path = BiacHackatonUITests.xctest; sourceTree = BUILT_PRODUCTS_DIR; };
		5B49521F1D18BD6300DA69BD /* BiacHackatonUITests.swift */ = {isa = PBXFileReference; lastKnownFileType = sourcecode.swift; path = BiacHackatonUITests.swift; sourceTree = "<group>"; };
		5B4952211D18BD6300DA69BD /* Info.plist */ = {isa = PBXFileReference; lastKnownFileType = text.plist.xml; path = Info.plist; sourceTree = "<group>"; };
		7F38AE630668D508D4F5472E /* Pods_BiacHackatonTests.framework */ = {isa = PBXFileReference; explicitFileType = wrapper.framework; includeInIndex = 0; path = Pods_BiacHackatonTests.framework; sourceTree = BUILT_PRODUCTS_DIR; };
		B8DCBA82A83D1E0C7A971F4D /* Pods-BiacHackatonUITests.debug.xcconfig */ = {isa = PBXFileReference; includeInIndex = 1; lastKnownFileType = text.xcconfig; name = "Pods-BiacHackatonUITests.debug.xcconfig"; path = "Pods/Target Support Files/Pods-BiacHackatonUITests/Pods-BiacHackatonUITests.debug.xcconfig"; sourceTree = "<group>"; };
		D01C9F91EAF9DC520CAAEF82 /* Pods-BiacHackatonTests.release.xcconfig */ = {isa = PBXFileReference; includeInIndex = 1; lastKnownFileType = text.xcconfig; name = "Pods-BiacHackatonTests.release.xcconfig"; path = "Pods/Target Support Files/Pods-BiacHackatonTests/Pods-BiacHackatonTests.release.xcconfig"; sourceTree = "<group>"; };
		D500E186C38BE03AE2F77690 /* Pods_BiacHackaton.framework */ = {isa = PBXFileReference; explicitFileType = wrapper.framework; includeInIndex = 0; path = Pods_BiacHackaton.framework; sourceTree = BUILT_PRODUCTS_DIR; };
		E541275E2B53DAB4B65AC3CA /* Pods-BiacHackatonUITests.release.xcconfig */ = {isa = PBXFileReference; includeInIndex = 1; lastKnownFileType = text.xcconfig; name = "Pods-BiacHackatonUITests.release.xcconfig"; path = "Pods/Target Support Files/Pods-BiacHackatonUITests/Pods-BiacHackatonUITests.release.xcconfig"; sourceTree = "<group>"; };
		F13EA490BA51EB4FA0D4565D /* Pods-BiacHackatonTests.debug.xcconfig */ = {isa = PBXFileReference; includeInIndex = 1; lastKnownFileType = text.xcconfig; name = "Pods-BiacHackatonTests.debug.xcconfig"; path = "Pods/Target Support Files/Pods-BiacHackatonTests/Pods-BiacHackatonTests.debug.xcconfig"; sourceTree = "<group>"; };
/* End PBXFileReference section */

/* Begin PBXFrameworksBuildPhase section */
		5B4951F91D18BD6200DA69BD /* Frameworks */ = {
			isa = PBXFrameworksBuildPhase;
			buildActionMask = 2147483647;
			files = (
				07B4B4001FA190BC8B693F58 /* Pods_BiacHackaton.framework in Frameworks */,
			);
			runOnlyForDeploymentPostprocessing = 0;
		};
		5B49520D1D18BD6300DA69BD /* Frameworks */ = {
			isa = PBXFrameworksBuildPhase;
			buildActionMask = 2147483647;
			files = (
				7A518ADAEDE4D6E295832E8E /* Pods_BiacHackatonTests.framework in Frameworks */,
			);
			runOnlyForDeploymentPostprocessing = 0;
		};
		5B4952181D18BD6300DA69BD /* Frameworks */ = {
			isa = PBXFrameworksBuildPhase;
			buildActionMask = 2147483647;
			files = (
				E23E4CE0CCBC3A61D31F6DA1 /* Pods_BiacHackatonUITests.framework in Frameworks */,
			);
			runOnlyForDeploymentPostprocessing = 0;
		};
/* End PBXFrameworksBuildPhase section */

/* Begin PBXGroup section */
		0ECF07474BBFFDED71104B42 /* Frameworks */ = {
			isa = PBXGroup;
			children = (
				D500E186C38BE03AE2F77690 /* Pods_BiacHackaton.framework */,
				7F38AE630668D508D4F5472E /* Pods_BiacHackatonTests.framework */,
				376F3C3A1326314C190E632A /* Pods_BiacHackatonUITests.framework */,
			);
			name = Frameworks;
			sourceTree = "<group>";
		};
		1D408CFCDADCC3CB4EA357C9 /* Pods */ = {
			isa = PBXGroup;
			children = (
				06A6AB6E770F1E4EF76AECFF /* Pods-BiacHackaton.debug.xcconfig */,
				1DB650BFB58118AD2F5E0F7D /* Pods-BiacHackaton.release.xcconfig */,
				F13EA490BA51EB4FA0D4565D /* Pods-BiacHackatonTests.debug.xcconfig */,
				D01C9F91EAF9DC520CAAEF82 /* Pods-BiacHackatonTests.release.xcconfig */,
				B8DCBA82A83D1E0C7A971F4D /* Pods-BiacHackatonUITests.debug.xcconfig */,
				E541275E2B53DAB4B65AC3CA /* Pods-BiacHackatonUITests.release.xcconfig */,
			);
			name = Pods;
			sourceTree = "<group>";
		};
		5B4951F31D18BD6200DA69BD = {
			isa = PBXGroup;
			children = (
				5B4951FE1D18BD6200DA69BD /* BiacHackaton */,
				5B4952131D18BD6300DA69BD /* BiacHackatonTests */,
				5B49521E1D18BD6300DA69BD /* BiacHackatonUITests */,
				5B4951FD1D18BD6200DA69BD /* Products */,
				1D408CFCDADCC3CB4EA357C9 /* Pods */,
				0ECF07474BBFFDED71104B42 /* Frameworks */,
			);
			sourceTree = "<group>";
		};
		5B4951FD1D18BD6200DA69BD /* Products */ = {
			isa = PBXGroup;
			children = (
				5B4951FC1D18BD6200DA69BD /* BiacHackaton.app */,
				5B4952101D18BD6300DA69BD /* BiacHackatonTests.xctest */,
				5B49521B1D18BD6300DA69BD /* BiacHackatonUITests.xctest */,
			);
			name = Products;
			sourceTree = "<group>";
		};
		5B4951FE1D18BD6200DA69BD /* BiacHackaton */ = {
			isa = PBXGroup;
			children = (
				5B4951FF1D18BD6200DA69BD /* AppDelegate.swift */,
				5B4952011D18BD6200DA69BD /* ViewController.swift */,
				5B4952031D18BD6200DA69BD /* Main.storyboard */,
				5B4952061D18BD6200DA69BD /* Assets.xcassets */,
				5B4952081D18BD6200DA69BD /* LaunchScreen.storyboard */,
				5B49520B1D18BD6200DA69BD /* Info.plist */,
			);
			path = BiacHackaton;
			sourceTree = "<group>";
		};
		5B4952131D18BD6300DA69BD /* BiacHackatonTests */ = {
			isa = PBXGroup;
			children = (
				5B4952141D18BD6300DA69BD /* BiacHackatonTests.swift */,
				5B4952161D18BD6300DA69BD /* Info.plist */,
			);
			path = BiacHackatonTests;
			sourceTree = "<group>";
		};
		5B49521E1D18BD6300DA69BD /* BiacHackatonUITests */ = {
			isa = PBXGroup;
			children = (
				5B49521F1D18BD6300DA69BD /* BiacHackatonUITests.swift */,
				5B4952211D18BD6300DA69BD /* Info.plist */,
			);
			path = BiacHackatonUITests;
			sourceTree = "<group>";
		};
/* End PBXGroup section */

/* Begin PBXNativeTarget section */
		5B4951FB1D18BD6200DA69BD /* BiacHackaton */ = {
			isa = PBXNativeTarget;
			buildConfigurationList = 5B4952241D18BD6300DA69BD /* Build configuration list for PBXNativeTarget "BiacHackaton" */;
			buildPhases = (
				C238360170D077259C19FECF /* 📦 Check Pods Manifest.lock */,
				5B4951F81D18BD6200DA69BD /* Sources */,
				5B4951F91D18BD6200DA69BD /* Frameworks */,
				5B4951FA1D18BD6200DA69BD /* Resources */,
				D622EE15E3CBDFACE4B79408 /* 📦 Embed Pods Frameworks */,
				718F1F18D7D1334ED5C4CC6F /* 📦 Copy Pods Resources */,
			);
			buildRules = (
			);
			dependencies = (
			);
			name = BiacHackaton;
			productName = BiacHackaton;
			productReference = 5B4951FC1D18BD6200DA69BD /* BiacHackaton.app */;
			productType = "com.apple.product-type.application";
		};
		5B49520F1D18BD6300DA69BD /* BiacHackatonTests */ = {
			isa = PBXNativeTarget;
			buildConfigurationList = 5B4952271D18BD6300DA69BD /* Build configuration list for PBXNativeTarget "BiacHackatonTests" */;
			buildPhases = (
				33EC5E9C5E143F396F8B913C /* 📦 Check Pods Manifest.lock */,
				5B49520C1D18BD6300DA69BD /* Sources */,
				5B49520D1D18BD6300DA69BD /* Frameworks */,
				5B49520E1D18BD6300DA69BD /* Resources */,
				F657633D795AEC9243D1CACA /* 📦 Embed Pods Frameworks */,
				7BF988580D9316DD43059018 /* 📦 Copy Pods Resources */,
			);
			buildRules = (
			);
			dependencies = (
				5B4952121D18BD6300DA69BD /* PBXTargetDependency */,
			);
			name = BiacHackatonTests;
			productName = BiacHackatonTests;
			productReference = 5B4952101D18BD6300DA69BD /* BiacHackatonTests.xctest */;
			productType = "com.apple.product-type.bundle.unit-test";
		};
		5B49521A1D18BD6300DA69BD /* BiacHackatonUITests */ = {
			isa = PBXNativeTarget;
			buildConfigurationList = 5B49522A1D18BD6300DA69BD /* Build configuration list for PBXNativeTarget "BiacHackatonUITests" */;
			buildPhases = (
				3330449C27F463B3E3D6F3F0 /* 📦 Check Pods Manifest.lock */,
				5B4952171D18BD6300DA69BD /* Sources */,
				5B4952181D18BD6300DA69BD /* Frameworks */,
				5B4952191D18BD6300DA69BD /* Resources */,
				FC6B8DBD7DEA32CDC95B7348 /* 📦 Copy Pods Resources */,
			);
			buildRules = (
			);
			dependencies = (
				5B49521D1D18BD6300DA69BD /* PBXTargetDependency */,
			);
			name = BiacHackatonUITests;
			productName = BiacHackatonUITests;
			productReference = 5B49521B1D18BD6300DA69BD /* BiacHackatonUITests.xctest */;
			productType = "com.apple.product-type.bundle.ui-testing";
		};
/* End PBXNativeTarget section */

/* Begin PBXProject section */
		5B4951F41D18BD6200DA69BD /* Project object */ = {
			isa = PBXProject;
			attributes = {
				LastSwiftUpdateCheck = 0730;
				LastUpgradeCheck = 0730;
				ORGANIZATIONNAME = OECD;
				TargetAttributes = {
					5B4951FB1D18BD6200DA69BD = {
						CreatedOnToolsVersion = 7.3.1;
					};
					5B49520F1D18BD6300DA69BD = {
						CreatedOnToolsVersion = 7.3.1;
						TestTargetID = 5B4951FB1D18BD6200DA69BD;
					};
					5B49521A1D18BD6300DA69BD = {
						CreatedOnToolsVersion = 7.3.1;
						TestTargetID = 5B4951FB1D18BD6200DA69BD;
					};
				};
			};
			buildConfigurationList = 5B4951F71D18BD6200DA69BD /* Build configuration list for PBXProject "BiacHackaton" */;
			compatibilityVersion = "Xcode 3.2";
			developmentRegion = English;
			hasScannedForEncodings = 0;
			knownRegions = (
				en,
				Base,
			);
			mainGroup = 5B4951F31D18BD6200DA69BD;
			productRefGroup = 5B4951FD1D18BD6200DA69BD /* Products */;
			projectDirPath = "";
			projectRoot = "";
			targets = (
				5B4951FB1D18BD6200DA69BD /* BiacHackaton */,
				5B49520F1D18BD6300DA69BD /* BiacHackatonTests */,
				5B49521A1D18BD6300DA69BD /* BiacHackatonUITests */,
			);
		};
/* End PBXProject section */

/* Begin PBXResourcesBuildPhase section */
		5B4951FA1D18BD6200DA69BD /* Resources */ = {
			isa = PBXResourcesBuildPhase;
			buildActionMask = 2147483647;
			files = (
				5B49520A1D18BD6200DA69BD /* LaunchScreen.storyboard in Resources */,
				5B4952071D18BD6200DA69BD /* Assets.xcassets in Resources */,
				5B4952051D18BD6200DA69BD /* Main.storyboard in Resources */,
			);
			runOnlyForDeploymentPostprocessing = 0;
		};
		5B49520E1D18BD6300DA69BD /* Resources */ = {
			isa = PBXResourcesBuildPhase;
			buildActionMask = 2147483647;
			files = (
			);
			runOnlyForDeploymentPostprocessing = 0;
		};
		5B4952191D18BD6300DA69BD /* Resources */ = {
			isa = PBXResourcesBuildPhase;
			buildActionMask = 2147483647;
			files = (
			);
			runOnlyForDeploymentPostprocessing = 0;
		};
/* End PBXResourcesBuildPhase section */

/* Begin PBXShellScriptBuildPhase section */
		3330449C27F463B3E3D6F3F0 /* 📦 Check Pods Manifest.lock */ = {
			isa = PBXShellScriptBuildPhase;
			buildActionMask = 2147483647;
			files = (
			);
			inputPaths = (
			);
			name = "📦 Check Pods Manifest.lock";
			outputPaths = (
			);
			runOnlyForDeploymentPostprocessing = 0;
			shellPath = /bin/sh;
			shellScript = "diff \"${PODS_ROOT}/../Podfile.lock\" \"${PODS_ROOT}/Manifest.lock\" > /dev/null\nif [[ $? != 0 ]] ; then\n    cat << EOM\nerror: The sandbox is not in sync with the Podfile.lock. Run 'pod install' or update your CocoaPods installation.\nEOM\n    exit 1\nfi\n";
			showEnvVarsInLog = 0;
		};
		33EC5E9C5E143F396F8B913C /* 📦 Check Pods Manifest.lock */ = {
			isa = PBXShellScriptBuildPhase;
			buildActionMask = 2147483647;
			files = (
			);
			inputPaths = (
			);
			name = "📦 Check Pods Manifest.lock";
			outputPaths = (
			);
			runOnlyForDeploymentPostprocessing = 0;
			shellPath = /bin/sh;
			shellScript = "diff \"${PODS_ROOT}/../Podfile.lock\" \"${PODS_ROOT}/Manifest.lock\" > /dev/null\nif [[ $? != 0 ]] ; then\n    cat << EOM\nerror: The sandbox is not in sync with the Podfile.lock. Run 'pod install' or update your CocoaPods installation.\nEOM\n    exit 1\nfi\n";
			showEnvVarsInLog = 0;
		};
		718F1F18D7D1334ED5C4CC6F /* 📦 Copy Pods Resources */ = {
			isa = PBXShellScriptBuildPhase;
			buildActionMask = 2147483647;
			files = (
			);
			inputPaths = (
			);
			name = "📦 Copy Pods Resources";
			outputPaths = (
			);
			runOnlyForDeploymentPostprocessing = 0;
			shellPath = /bin/sh;
			shellScript = "\"${SRCROOT}/Pods/Target Support Files/Pods-BiacHackaton/Pods-BiacHackaton-resources.sh\"\n";
			showEnvVarsInLog = 0;
		};
		7BF988580D9316DD43059018 /* 📦 Copy Pods Resources */ = {
			isa = PBXShellScriptBuildPhase;
			buildActionMask = 2147483647;
			files = (
			);
			inputPaths = (
			);
			name = "📦 Copy Pods Resources";
			outputPaths = (
			);
			runOnlyForDeploymentPostprocessing = 0;
			shellPath = /bin/sh;
			shellScript = "\"${SRCROOT}/Pods/Target Support Files/Pods-BiacHackatonTests/Pods-BiacHackatonTests-resources.sh\"\n";
			showEnvVarsInLog = 0;
		};
		C238360170D077259C19FECF /* 📦 Check Pods Manifest.lock */ = {
			isa = PBXShellScriptBuildPhase;
			buildActionMask = 2147483647;
			files = (
			);
			inputPaths = (
			);
			name = "📦 Check Pods Manifest.lock";
			outputPaths = (
			);
			runOnlyForDeploymentPostprocessing = 0;
			shellPath = /bin/sh;
			shellScript = "diff \"${PODS_ROOT}/../Podfile.lock\" \"${PODS_ROOT}/Manifest.lock\" > /dev/null\nif [[ $? != 0 ]] ; then\n    cat << EOM\nerror: The sandbox is not in sync with the Podfile.lock. Run 'pod install' or update your CocoaPods installation.\nEOM\n    exit 1\nfi\n";
			showEnvVarsInLog = 0;
		};
		D622EE15E3CBDFACE4B79408 /* 📦 Embed Pods Frameworks */ = {
			isa = PBXShellScriptBuildPhase;
			buildActionMask = 2147483647;
			files = (
			);
			inputPaths = (
			);
			name = "📦 Embed Pods Frameworks";
			outputPaths = (
			);
			runOnlyForDeploymentPostprocessing = 0;
			shellPath = /bin/sh;
			shellScript = "\"${SRCROOT}/Pods/Target Support Files/Pods-BiacHackaton/Pods-BiacHackaton-frameworks.sh\"\n";
			showEnvVarsInLog = 0;
		};
		F657633D795AEC9243D1CACA /* 📦 Embed Pods Frameworks */ = {
			isa = PBXShellScriptBuildPhase;
			buildActionMask = 2147483647;
			files = (
			);
			inputPaths = (
			);
			name = "📦 Embed Pods Frameworks";
			outputPaths = (
			);
			runOnlyForDeploymentPostprocessing = 0;
			shellPath = /bin/sh;
			shellScript = "\"${SRCROOT}/Pods/Target Support Files/Pods-BiacHackatonTests/Pods-BiacHackatonTests-frameworks.sh\"\n";
			showEnvVarsInLog = 0;
		};
		FC6B8DBD7DEA32CDC95B7348 /* 📦 Copy Pods Resources */ = {
			isa = PBXShellScriptBuildPhase;
			buildActionMask = 2147483647;
			files = (
			);
			inputPaths = (
			);
			name = "📦 Copy Pods Resources";
			outputPaths = (
			);
			runOnlyForDeploymentPostprocessing = 0;
			shellPath = /bin/sh;
			shellScript = "\"${SRCROOT}/Pods/Target Support Files/Pods-BiacHackatonUITests/Pods-BiacHackatonUITests-resources.sh\"\n";
			showEnvVarsInLog = 0;
		};
/* End PBXShellScriptBuildPhase section */

/* Begin PBXSourcesBuildPhase section */
		5B4951F81D18BD6200DA69BD /* Sources */ = {
			isa = PBXSourcesBuildPhase;
			buildActionMask = 2147483647;
			files = (
				5B4952021D18BD6200DA69BD /* ViewController.swift in Sources */,
				5B4952001D18BD6200DA69BD /* AppDelegate.swift in Sources */,
			);
			runOnlyForDeploymentPostprocessing = 0;
		};
		5B49520C1D18BD6300DA69BD /* Sources */ = {
			isa = PBXSourcesBuildPhase;
			buildActionMask = 2147483647;
			files = (
				5B4952151D18BD6300DA69BD /* BiacHackatonTests.swift in Sources */,
			);
			runOnlyForDeploymentPostprocessing = 0;
		};
		5B4952171D18BD6300DA69BD /* Sources */ = {
			isa = PBXSourcesBuildPhase;
			buildActionMask = 2147483647;
			files = (
				5B4952201D18BD6300DA69BD /* BiacHackatonUITests.swift in Sources */,
			);
			runOnlyForDeploymentPostprocessing = 0;
		};
/* End PBXSourcesBuildPhase section */

/* Begin PBXTargetDependency section */
		5B4952121D18BD6300DA69BD /* PBXTargetDependency */ = {
			isa = PBXTargetDependency;
			target = 5B4951FB1D18BD6200DA69BD /* BiacHackaton */;
			targetProxy = 5B4952111D18BD6300DA69BD /* PBXContainerItemProxy */;
		};
		5B49521D1D18BD6300DA69BD /* PBXTargetDependency */ = {
			isa = PBXTargetDependency;
			target = 5B4951FB1D18BD6200DA69BD /* BiacHackaton */;
			targetProxy = 5B49521C1D18BD6300DA69BD /* PBXContainerItemProxy */;
		};
/* End PBXTargetDependency section */

/* Begin PBXVariantGroup section */
		5B4952031D18BD6200DA69BD /* Main.storyboard */ = {
			isa = PBXVariantGroup;
			children = (
				5B4952041D18BD6200DA69BD /* Base */,
			);
			name = Main.storyboard;
			sourceTree = "<group>";
		};
		5B4952081D18BD6200DA69BD /* LaunchScreen.storyboard */ = {
			isa = PBXVariantGroup;
			children = (
				5B4952091D18BD6200DA69BD /* Base */,
			);
			name = LaunchScreen.storyboard;
			sourceTree = "<group>";
		};
/* End PBXVariantGroup section */

/* Begin XCBuildConfiguration section */
		5B4952221D18BD6300DA69BD /* Debug */ = {
			isa = XCBuildConfiguration;
			buildSettings = {
				ALWAYS_SEARCH_USER_PATHS = NO;
				CLANG_ANALYZER_NONNULL = YES;
				CLANG_CXX_LANGUAGE_STANDARD = "gnu++0x";
				CLANG_CXX_LIBRARY = "libc++";
				CLANG_ENABLE_MODULES = YES;
				CLANG_ENABLE_OBJC_ARC = YES;
				CLANG_WARN_BOOL_CONVERSION = YES;
				CLANG_WARN_CONSTANT_CONVERSION = YES;
				CLANG_WARN_DIRECT_OBJC_ISA_USAGE = YES_ERROR;
				CLANG_WARN_EMPTY_BODY = YES;
				CLANG_WARN_ENUM_CONVERSION = YES;
				CLANG_WARN_INT_CONVERSION = YES;
				CLANG_WARN_OBJC_ROOT_CLASS = YES_ERROR;
				CLANG_WARN_UNREACHABLE_CODE = YES;
				CLANG_WARN__DUPLICATE_METHOD_MATCH = YES;
				"CODE_SIGN_IDENTITY[sdk=iphoneos*]" = "iPhone Developer";
				COPY_PHASE_STRIP = NO;
				DEBUG_INFORMATION_FORMAT = dwarf;
				ENABLE_STRICT_OBJC_MSGSEND = YES;
				ENABLE_TESTABILITY = YES;
				GCC_C_LANGUAGE_STANDARD = gnu99;
				GCC_DYNAMIC_NO_PIC = NO;
				GCC_NO_COMMON_BLOCKS = YES;
				GCC_OPTIMIZATION_LEVEL = 0;
				GCC_PREPROCESSOR_DEFINITIONS = (
					"DEBUG=1",
					"$(inherited)",
				);
				GCC_WARN_64_TO_32_BIT_CONVERSION = YES;
				GCC_WARN_ABOUT_RETURN_TYPE = YES_ERROR;
				GCC_WARN_UNDECLARED_SELECTOR = YES;
				GCC_WARN_UNINITIALIZED_AUTOS = YES_AGGRESSIVE;
				GCC_WARN_UNUSED_FUNCTION = YES;
				GCC_WARN_UNUSED_VARIABLE = YES;
				IPHONEOS_DEPLOYMENT_TARGET = 9.3;
				MTL_ENABLE_DEBUG_INFO = YES;
				ONLY_ACTIVE_ARCH = YES;
				SDKROOT = iphoneos;
				SWIFT_OPTIMIZATION_LEVEL = "-Onone";
			};
			name = Debug;
		};
		5B4952231D18BD6300DA69BD /* Release */ = {
			isa = XCBuildConfiguration;
			buildSettings = {
				ALWAYS_SEARCH_USER_PATHS = NO;
				CLANG_ANALYZER_NONNULL = YES;
				CLANG_CXX_LANGUAGE_STANDARD = "gnu++0x";
				CLANG_CXX_LIBRARY = "libc++";
				CLANG_ENABLE_MODULES = YES;
				CLANG_ENABLE_OBJC_ARC = YES;
				CLANG_WARN_BOOL_CONVERSION = YES;
				CLANG_WARN_CONSTANT_CONVERSION = YES;
				CLANG_WARN_DIRECT_OBJC_ISA_USAGE = YES_ERROR;
				CLANG_WARN_EMPTY_BODY = YES;
				CLANG_WARN_ENUM_CONVERSION = YES;
				CLANG_WARN_INT_CONVERSION = YES;
				CLANG_WARN_OBJC_ROOT_CLASS = YES_ERROR;
				CLANG_WARN_UNREACHABLE_CODE = YES;
				CLANG_WARN__DUPLICATE_METHOD_MATCH = YES;
				"CODE_SIGN_IDENTITY[sdk=iphoneos*]" = "iPhone Developer";
				COPY_PHASE_STRIP = NO;
				DEBUG_INFORMATION_FORMAT = "dwarf-with-dsym";
				ENABLE_NS_ASSERTIONS = NO;
				ENABLE_STRICT_OBJC_MSGSEND = YES;
				GCC_C_LANGUAGE_STANDARD = gnu99;
				GCC_NO_COMMON_BLOCKS = YES;
				GCC_WARN_64_TO_32_BIT_CONVERSION = YES;
				GCC_WARN_ABOUT_RETURN_TYPE = YES_ERROR;
				GCC_WARN_UNDECLARED_SELECTOR = YES;
				GCC_WARN_UNINITIALIZED_AUTOS = YES_AGGRESSIVE;
				GCC_WARN_UNUSED_FUNCTION = YES;
				GCC_WARN_UNUSED_VARIABLE = YES;
				IPHONEOS_DEPLOYMENT_TARGET = 9.3;
				MTL_ENABLE_DEBUG_INFO = NO;
				SDKROOT = iphoneos;
				VALIDATE_PRODUCT = YES;
			};
			name = Release;
		};
		5B4952251D18BD6300DA69BD /* Debug */ = {
			isa = XCBuildConfiguration;
			baseConfigurationReference = 06A6AB6E770F1E4EF76AECFF /* Pods-BiacHackaton.debug.xcconfig */;
			buildSettings = {
				ASSETCATALOG_COMPILER_APPICON_NAME = AppIcon;
				INFOPLIST_FILE = BiacHackaton/Info.plist;
				LD_RUNPATH_SEARCH_PATHS = "$(inherited) @executable_path/Frameworks";
				PRODUCT_BUNDLE_IDENTIFIER = org.oecd.BiacHackaton;
				PRODUCT_NAME = "$(TARGET_NAME)";
			};
			name = Debug;
		};
		5B4952261D18BD6300DA69BD /* Release */ = {
			isa = XCBuildConfiguration;
			baseConfigurationReference = 1DB650BFB58118AD2F5E0F7D /* Pods-BiacHackaton.release.xcconfig */;
			buildSettings = {
				ASSETCATALOG_COMPILER_APPICON_NAME = AppIcon;
				INFOPLIST_FILE = BiacHackaton/Info.plist;
				LD_RUNPATH_SEARCH_PATHS = "$(inherited) @executable_path/Frameworks";
				PRODUCT_BUNDLE_IDENTIFIER = org.oecd.BiacHackaton;
				PRODUCT_NAME = "$(TARGET_NAME)";
			};
			name = Release;
		};
		5B4952281D18BD6300DA69BD /* Debug */ = {
			isa = XCBuildConfiguration;
			baseConfigurationReference = F13EA490BA51EB4FA0D4565D /* Pods-BiacHackatonTests.debug.xcconfig */;
			buildSettings = {
				BUNDLE_LOADER = "$(TEST_HOST)";
				INFOPLIST_FILE = BiacHackatonTests/Info.plist;
				LD_RUNPATH_SEARCH_PATHS = "$(inherited) @executable_path/Frameworks @loader_path/Frameworks";
				PRODUCT_BUNDLE_IDENTIFIER = org.oecd.BiacHackatonTests;
				PRODUCT_NAME = "$(TARGET_NAME)";
				TEST_HOST = "$(BUILT_PRODUCTS_DIR)/BiacHackaton.app/BiacHackaton";
			};
			name = Debug;
		};
		5B4952291D18BD6300DA69BD /* Release */ = {
			isa = XCBuildConfiguration;
			baseConfigurationReference = D01C9F91EAF9DC520CAAEF82 /* Pods-BiacHackatonTests.release.xcconfig */;
			buildSettings = {
				BUNDLE_LOADER = "$(TEST_HOST)";
				INFOPLIST_FILE = BiacHackatonTests/Info.plist;
				LD_RUNPATH_SEARCH_PATHS = "$(inherited) @executable_path/Frameworks @loader_path/Frameworks";
				PRODUCT_BUNDLE_IDENTIFIER = org.oecd.BiacHackatonTests;
				PRODUCT_NAME = "$(TARGET_NAME)";
				TEST_HOST = "$(BUILT_PRODUCTS_DIR)/BiacHackaton.app/BiacHackaton";
			};
			name = Release;
		};
		5B49522B1D18BD6300DA69BD /* Debug */ = {
			isa = XCBuildConfiguration;
			baseConfigurationReference = B8DCBA82A83D1E0C7A971F4D /* Pods-BiacHackatonUITests.debug.xcconfig */;
			buildSettings = {
				INFOPLIST_FILE = BiacHackatonUITests/Info.plist;
				LD_RUNPATH_SEARCH_PATHS = "$(inherited) @executable_path/Frameworks @loader_path/Frameworks";
				PRODUCT_BUNDLE_IDENTIFIER = org.oecd.BiacHackatonUITests;
				PRODUCT_NAME = "$(TARGET_NAME)";
				TEST_TARGET_NAME = BiacHackaton;
			};
			name = Debug;
		};
		5B49522C1D18BD6300DA69BD /* Release */ = {
			isa = XCBuildConfiguration;
			baseConfigurationReference = E541275E2B53DAB4B65AC3CA /* Pods-BiacHackatonUITests.release.xcconfig */;
			buildSettings = {
				INFOPLIST_FILE = BiacHackatonUITests/Info.plist;
				LD_RUNPATH_SEARCH_PATHS = "$(inherited) @executable_path/Frameworks @loader_path/Frameworks";
				PRODUCT_BUNDLE_IDENTIFIER = org.oecd.BiacHackatonUITests;
				PRODUCT_NAME = "$(TARGET_NAME)";
				TEST_TARGET_NAME = BiacHackaton;
			};
			name = Release;
		};
/* End XCBuildConfiguration section */

/* Begin XCConfigurationList section */
		5B4951F71D18BD6200DA69BD /* Build configuration list for PBXProject "BiacHackaton" */ = {
			isa = XCConfigurationList;
			buildConfigurations = (
				5B4952221D18BD6300DA69BD /* Debug */,
				5B4952231D18BD6300DA69BD /* Release */,
			);
			defaultConfigurationIsVisible = 0;
			defaultConfigurationName = Release;
		};
		5B4952241D18BD6300DA69BD /* Build configuration list for PBXNativeTarget "BiacHackaton" */ = {
			isa = XCConfigurationList;
			buildConfigurations = (
				5B4952251D18BD6300DA69BD /* Debug */,
				5B4952261D18BD6300DA69BD /* Release */,
			);
			defaultConfigurationIsVisible = 0;
			defaultConfigurationName = Release;
		};
		5B4952271D18BD6300DA69BD /* Build configuration list for PBXNativeTarget "BiacHackatonTests" */ = {
			isa = XCConfigurationList;
			buildConfigurations = (
				5B4952281D18BD6300DA69BD /* Debug */,
				5B4952291D18BD6300DA69BD /* Release */,
			);
			defaultConfigurationIsVisible = 0;
			defaultConfigurationName = Release;
		};
		5B49522A1D18BD6300DA69BD /* Build configuration list for PBXNativeTarget "BiacHackatonUITests" */ = {
			isa = XCConfigurationList;
			buildConfigurations = (
				5B49522B1D18BD6300DA69BD /* Debug */,
				5B49522C1D18BD6300DA69BD /* Release */,
			);
			defaultConfigurationIsVisible = 0;
			defaultConfigurationName = Release;
		};
/* End XCConfigurationList section */
	};
	rootObject = 5B4951F41D18BD6200DA69BD /* Project object */;
}
